
Microsoft Visual Studio Solution File, Format Version 12.00
# Visual Studio Version 17
VisualStudioVersion = 17.9.34701.34
MinimumVisualStudioVersion = 10.0.40219.1
Project("{2150E333-8FDC-42A3-9474-1A3956D46DE8}") = "Application", "Application", "{BD08DB38-B86A-4E05-B3BA-431CCF02BA5B}"
EndProject
Project("{2150E333-8FDC-42A3-9474-1A3956D46DE8}") = "Domain", "Domain", "{5B934E10-F226-45EB-BA6D-EE9D2F660C03}"
EndProject
Project("{FAE04EC0-301F-11D3-BF4B-00C04F79EFBC}") = "Application.Generic", "Application.Generic\Application.Generic.csproj", "{D8541852-BE59-4626-8FB5-B4DD2CB78052}"
EndProject
Project("{FAE04EC0-301F-11D3-BF4B-00C04F79EFBC}") = "Domain.Generic", "Domain.Generic\Domain.Generic.csproj", "{750D5987-3838-4F06-8A18-F3C09DCBD9DF}"
EndProject
Global
	GlobalSection(SolutionConfigurationPlatforms) = preSolution
		Debug|Any CPU = Debug|Any CPU
		Release|Any CPU = Release|Any CPU
	EndGlobalSection
	GlobalSection(ProjectConfigurationPlatforms) = postSolution
		{D8541852-BE59-4626-8FB5-B4DD2CB78052}.Debug|Any CPU.ActiveCfg = Debug|Any CPU
		{D8541852-BE59-4626-8FB5-B4DD2CB78052}.Debug|Any CPU.Build.0 = Debug|Any CPU
		{D8541852-BE59-4626-8FB5-B4DD2CB78052}.Release|Any CPU.ActiveCfg = Release|Any CPU
		{D8541852-BE59-4626-8FB5-B4DD2CB78052}.Release|Any CPU.Build.0 = Release|Any CPU
		{750D5987-3838-4F06-8A18-F3C09DCBD9DF}.Debug|Any CPU.ActiveCfg = Debug|Any CPU
		{750D5987-3838-4F06-8A18-F3C09DCBD9DF}.Debug|Any CPU.Build.0 = Debug|Any CPU
		{750D5987-3838-4F06-8A18-F3C09DCBD9DF}.Release|Any CPU.ActiveCfg = Release|Any CPU
		{750D5987-3838-4F06-8A18-F3C09DCBD9DF}.Release|Any CPU.Build.0 = Release|Any CPU
	EndGlobalSection
	GlobalSection(SolutionProperties) = preSolution
		HideSolutionNode = FALSE
	EndGlobalSection
	GlobalSection(NestedProjects) = preSolution
		{D8541852-BE59-4626-8FB5-B4DD2CB78052} = {BD08DB38-B86A-4E05-B3BA-431CCF02BA5B}
		{750D5987-3838-4F06-8A18-F3C09DCBD9DF} = {5B934E10-F226-45EB-BA6D-EE9D2F660C03}
	EndGlobalSection
	GlobalSection(ExtensibilityGlobals) = postSolution
		SolutionGuid = {A7BA48EE-5C74-48F9-9846-63D8505051B8}
	EndGlobalSection
EndGlobal
